
Microsoft Visual Studio Solution File, Format Version 12.00
# Visual Studio Version 16
VisualStudioVersion = 16.0.29613.14
MinimumVisualStudioVersion = 10.0.40219.1
Project("{9A19103F-16F7-4668-BE54-9A1E7A4F7556}") = "SwlMarket", "SwlMarket\SwlMarket.csproj", "{5ED5F94A-302B-4E6C-8583-82A28147D7B2}"
EndProject
Global
	GlobalSection(SolutionConfigurationPlatforms) = preSolution
		Debug|Any CPU = Debug|Any CPU
		Release|Any CPU = Release|Any CPU
	EndGlobalSection
	GlobalSection(ProjectConfigurationPlatforms) = postSolution
		{5ED5F94A-302B-4E6C-8583-82A28147D7B2}.Debug|Any CPU.ActiveCfg = Debug|Any CPU
		{5ED5F94A-302B-4E6C-8583-82A28147D7B2}.Debug|Any CPU.Build.0 = Debug|Any CPU
		{5ED5F94A-302B-4E6C-8583-82A28147D7B2}.Release|Any CPU.ActiveCfg = Release|Any CPU
		{5ED5F94A-302B-4E6C-8583-82A28147D7B2}.Release|Any CPU.Build.0 = Release|Any CPU
	EndGlobalSection
	GlobalSection(SolutionProperties) = preSolution
		HideSolutionNode = FALSE
	EndGlobalSection
	GlobalSection(ExtensibilityGlobals) = postSolution
		SolutionGuid = {9275420C-0206-450F-B73E-95C6A30ACAC1}
	EndGlobalSection
EndGlobal
